[[package]]
category = "main"
description = "A package for a cool cipher I made"
name = "cipher-owo0212"
optional = false
python-versions = ">=3.6"
version = "0.0.1"

[metadata]
content-hash = "e7306c0daff11b5607551955ed0610c196706527d7c198521f1a85735148b353"
python-versions = "^3.8"

[metadata.files]
cipher-owo0212 = [
    {file = "cipher-owo0212-0.0.1.tar.gz", hash = "sha256:0db66bf84b702d69b42c3a24ef4a9c4e64589cd420c4009fc33b1d48fdeaee47"},
    {file = "cipher_owo0212-0.0.1-py3-none-any.whl", hash = "sha256:9ff0dd5c6f7d4d1824d2ce96060fe0bb2b3e5270a271fe309fa7b04d16ec7918"},
]
